
Microsoft Visual Studio Solution File, Format Version 12.00
# Visual Studio 15
VisualStudioVersion = 15.0.28307.645
MinimumVisualStudioVersion = 10.0.40219.1
Project("{9A19103F-16F7-4668-BE54-9A1E7A4F7556}") = "P01-ActionPoint", "P01-ActionPoint\P01-ActionPoint.csproj", "{056A9990-34A6-44D1-A0C6-987547D12C38}"
EndProject
Project("{9A19103F-16F7-4668-BE54-9A1E7A4F7556}") = "P02-KnightsOfHonor", "P02-KnightsOfHonor\P02-KnightsOfHonor.csproj", "{7AB91A55-D107-42AC-BF2F-A38B158CD72D}"
EndProject
Project("{9A19103F-16F7-4668-BE54-9A1E7A4F7556}") = "P03-CustomMinFunction", "P03-CustomMinFunction\P03-CustomMinFunction.csproj", "{D2F971F8-06BA-4C70-AF2F-C2BB5CD63028}"
EndProject
Project("{9A19103F-16F7-4668-BE54-9A1E7A4F7556}") = "P04-FindEvensOrOdds", "P04-FindEvensOrOdds\P04-FindEvensOrOdds.csproj", "{94DA10F2-1156-4FD1-95F5-00812DD01223}"
EndProject
Project("{9A19103F-16F7-4668-BE54-9A1E7A4F7556}") = "P05-AppliedArithmetics", "P05-AppliedArithmetics\P05-AppliedArithmetics.csproj", "{9EEC7433-F711-4357-B9FC-CC8EA8C3F44C}"
EndProject
Project("{9A19103F-16F7-4668-BE54-9A1E7A4F7556}") = "P06-ReverseAndExclude", "P05-ReverseAndExclude\P06-ReverseAndExclude.csproj", "{EC4157DD-033E-41BA-A791-40D4EEBFCF68}"
EndProject
Project("{9A19103F-16F7-4668-BE54-9A1E7A4F7556}") = "P11-PartyReservationFilterModule", "P11-PartyReservationFilterModule\P11-PartyReservationFilterModule.csproj", "{F962E984-8958-4E1E-BF9E-2B587DA14866}"
EndProject
Project("{9A19103F-16F7-4668-BE54-9A1E7A4F7556}") = "P12-TriFunction", "P12-TriFunction\P12-TriFunction.csproj", "{9EB20FC6-7BFF-4022-B655-7A0DE4478929}"
EndProject
Project("{9A19103F-16F7-4668-BE54-9A1E7A4F7556}") = "P09-ListOfPredicates", "P09-ListOfPredicates\P09-ListOfPredicates.csproj", "{9C630520-01FC-4D6B-99CE-0846F6E0F03D}"
EndProject
Project("{9A19103F-16F7-4668-BE54-9A1E7A4F7556}") = "P08-CustomComparator", "P08-CustomComparator\P08-CustomComparator.csproj", "{6B26A0DB-E2CE-4EF7-BBE6-0E76439AB103}"
EndProject
Project("{9A19103F-16F7-4668-BE54-9A1E7A4F7556}") = "P07-PredicateForNames", "P07-PredicateForNames\P07-PredicateForNames.csproj", "{5D55297A-E800-4BEF-BA68-0BC76A3A34BA}"
EndProject
Project("{FAE04EC0-301F-11D3-BF4B-00C04F79EFBC}") = "P10-PredicateParty", "P10-PredicateParty\P10-PredicateParty.csproj", "{2383284F-B95A-414C-A977-DA55E91814B7}"
EndProject
Global
	GlobalSection(SolutionConfigurationPlatforms) = preSolution
		Debug|Any CPU = Debug|Any CPU
		Release|Any CPU = Release|Any CPU
	EndGlobalSection
	GlobalSection(ProjectConfigurationPlatforms) = postSolution
		{056A9990-34A6-44D1-A0C6-987547D12C38}.Debug|Any CPU.ActiveCfg = Debug|Any CPU
		{056A9990-34A6-44D1-A0C6-987547D12C38}.Debug|Any CPU.Build.0 = Debug|Any CPU
		{056A9990-34A6-44D1-A0C6-987547D12C38}.Release|Any CPU.ActiveCfg = Release|Any CPU
		{056A9990-34A6-44D1-A0C6-987547D12C38}.Release|Any CPU.Build.0 = Release|Any CPU
		{7AB91A55-D107-42AC-BF2F-A38B158CD72D}.Debug|Any CPU.ActiveCfg = Debug|Any CPU
		{7AB91A55-D107-42AC-BF2F-A38B158CD72D}.Debug|Any CPU.Build.0 = Debug|Any CPU
		{7AB91A55-D107-42AC-BF2F-A38B158CD72D}.Release|Any CPU.ActiveCfg = Release|Any CPU
		{7AB91A55-D107-42AC-BF2F-A38B158CD72D}.Release|Any CPU.Build.0 = Release|Any CPU
		{D2F971F8-06BA-4C70-AF2F-C2BB5CD63028}.Debug|Any CPU.ActiveCfg = Debug|Any CPU
		{D2F971F8-06BA-4C70-AF2F-C2BB5CD63028}.Debug|Any CPU.Build.0 = Debug|Any CPU
		{D2F971F8-06BA-4C70-AF2F-C2BB5CD63028}.Release|Any CPU.ActiveCfg = Release|Any CPU
		{D2F971F8-06BA-4C70-AF2F-C2BB5CD63028}.Release|Any CPU.Build.0 = Release|Any CPU
		{94DA10F2-1156-4FD1-95F5-00812DD01223}.Debug|Any CPU.ActiveCfg = Debug|Any CPU
		{94DA10F2-1156-4FD1-95F5-00812DD01223}.Debug|Any CPU.Build.0 = Debug|Any CPU
		{94DA10F2-1156-4FD1-95F5-00812DD01223}.Release|Any CPU.ActiveCfg = Release|Any CPU
		{94DA10F2-1156-4FD1-95F5-00812DD01223}.Release|Any CPU.Build.0 = Release|Any CPU
		{9EEC7433-F711-4357-B9FC-CC8EA8C3F44C}.Debug|Any CPU.ActiveCfg = Debug|Any CPU
		{9EEC7433-F711-4357-B9FC-CC8EA8C3F44C}.Debug|Any CPU.Build.0 = Debug|Any CPU
		{9EEC7433-F711-4357-B9FC-CC8EA8C3F44C}.Release|Any CPU.ActiveCfg = Release|Any CPU
		{9EEC7433-F711-4357-B9FC-CC8EA8C3F44C}.Release|Any CPU.Build.0 = Release|Any CPU
		{EC4157DD-033E-41BA-A791-40D4EEBFCF68}.Debug|Any CPU.ActiveCfg = Debug|Any CPU
		{EC4157DD-033E-41BA-A791-40D4EEBFCF68}.Debug|Any CPU.Build.0 = Debug|Any CPU
		{EC4157DD-033E-41BA-A791-40D4EEBFCF68}.Release|Any CPU.ActiveCfg = Release|Any CPU
		{EC4157DD-033E-41BA-A791-40D4EEBFCF68}.Release|Any CPU.Build.0 = Release|Any CPU
		{F962E984-8958-4E1E-BF9E-2B587DA14866}.Debug|Any CPU.ActiveCfg = Debug|Any CPU
		{F962E984-8958-4E1E-BF9E-2B587DA14866}.Debug|Any CPU.Build.0 = Debug|Any CPU
		{F962E984-8958-4E1E-BF9E-2B587DA14866}.Release|Any CPU.ActiveCfg = Release|Any CPU
		{F962E984-8958-4E1E-BF9E-2B587DA14866}.Release|Any CPU.Build.0 = Release|Any CPU
		{9EB20FC6-7BFF-4022-B655-7A0DE4478929}.Debug|Any CPU.ActiveCfg = Debug|Any CPU
		{9EB20FC6-7BFF-4022-B655-7A0DE4478929}.Debug|Any CPU.Build.0 = Debug|Any CPU
		{9EB20FC6-7BFF-4022-B655-7A0DE4478929}.Release|Any CPU.ActiveCfg = Release|Any CPU
		{9EB20FC6-7BFF-4022-B655-7A0DE4478929}.Release|Any CPU.Build.0 = Release|Any CPU
		{9C630520-01FC-4D6B-99CE-0846F6E0F03D}.Debug|Any CPU.ActiveCfg = Debug|Any CPU
		{9C630520-01FC-4D6B-99CE-0846F6E0F03D}.Debug|Any CPU.Build.0 = Debug|Any CPU
		{9C630520-01FC-4D6B-99CE-0846F6E0F03D}.Release|Any CPU.ActiveCfg = Release|Any CPU
		{9C630520-01FC-4D6B-99CE-0846F6E0F03D}.Release|Any CPU.Build.0 = Release|Any CPU
		{6B26A0DB-E2CE-4EF7-BBE6-0E76439AB103}.Debug|Any CPU.ActiveCfg = Debug|Any CPU
		{6B26A0DB-E2CE-4EF7-BBE6-0E76439AB103}.Debug|Any CPU.Build.0 = Debug|Any CPU
		{6B26A0DB-E2CE-4EF7-BBE6-0E76439AB103}.Release|Any CPU.ActiveCfg = Release|Any CPU
		{6B26A0DB-E2CE-4EF7-BBE6-0E76439AB103}.Release|Any CPU.Build.0 = Release|Any CPU
		{5D55297A-E800-4BEF-BA68-0BC76A3A34BA}.Debug|Any CPU.ActiveCfg = Debug|Any CPU
		{5D55297A-E800-4BEF-BA68-0BC76A3A34BA}.Debug|Any CPU.Build.0 = Debug|Any CPU
		{5D55297A-E800-4BEF-BA68-0BC76A3A34BA}.Release|Any CPU.ActiveCfg = Release|Any CPU
		{5D55297A-E800-4BEF-BA68-0BC76A3A34BA}.Release|Any CPU.Build.0 = Release|Any CPU
		{2383284F-B95A-414C-A977-DA55E91814B7}.Debug|Any CPU.ActiveCfg = Debug|Any CPU
		{2383284F-B95A-414C-A977-DA55E91814B7}.Debug|Any CPU.Build.0 = Debug|Any CPU
		{2383284F-B95A-414C-A977-DA55E91814B7}.Release|Any CPU.ActiveCfg = Release|Any CPU
		{2383284F-B95A-414C-A977-DA55E91814B7}.Release|Any CPU.Build.0 = Release|Any CPU
	EndGlobalSection
	GlobalSection(SolutionProperties) = preSolution
		HideSolutionNode = FALSE
	EndGlobalSection
	GlobalSection(ExtensibilityGlobals) = postSolution
		SolutionGuid = {96A8AF5B-8031-406A-9A24-395CD3160D30}
	EndGlobalSection
EndGlobal
