
Microsoft Visual Studio Solution File, Format Version 12.00
# Visual Studio 15
VisualStudioVersion = 15.0.28307.645
MinimumVisualStudioVersion = 10.0.40219.1
Project("{9A19103F-16F7-4668-BE54-9A1E7A4F7556}") = "P01-OddLines", "P01-OddLines\P01-OddLines.csproj", "{3C857D73-F3A9-48FA-AC91-070093CA4300}"
EndProject
Project("{9A19103F-16F7-4668-BE54-9A1E7A4F7556}") = "P02-LineNumbers", "P02-LineNumbers\P02-LineNumbers.csproj", "{9A8A69FE-870A-472B-99A3-CE152C834E70}"
EndProject
Project("{9A19103F-16F7-4668-BE54-9A1E7A4F7556}") = "P03-WordCount", "P03-WordCount\P03-WordCount.csproj", "{5A0D776C-BCE4-494F-8823-44F6594B10FF}"
EndProject
Project("{FAE04EC0-301F-11D3-BF4B-00C04F79EFBC}") = "P05-SliceAFile", "P05-SliceAFile\P05-SliceAFile.csproj", "{F2578409-E491-4004-A0CF-F810320AE54B}"
EndProject
Project("{FAE04EC0-301F-11D3-BF4B-00C04F79EFBC}") = "P06-FolderSize", "P06-FolderSize\P06-FolderSize.csproj", "{A0D0C647-E045-4A63-B489-34007341A113}"
EndProject
Global
	GlobalSection(SolutionConfigurationPlatforms) = preSolution
		Debug|Any CPU = Debug|Any CPU
		Release|Any CPU = Release|Any CPU
	EndGlobalSection
	GlobalSection(ProjectConfigurationPlatforms) = postSolution
		{3C857D73-F3A9-48FA-AC91-070093CA4300}.Debug|Any CPU.ActiveCfg = Debug|Any CPU
		{3C857D73-F3A9-48FA-AC91-070093CA4300}.Debug|Any CPU.Build.0 = Debug|Any CPU
		{3C857D73-F3A9-48FA-AC91-070093CA4300}.Release|Any CPU.ActiveCfg = Release|Any CPU
		{3C857D73-F3A9-48FA-AC91-070093CA4300}.Release|Any CPU.Build.0 = Release|Any CPU
		{9A8A69FE-870A-472B-99A3-CE152C834E70}.Debug|Any CPU.ActiveCfg = Debug|Any CPU
		{9A8A69FE-870A-472B-99A3-CE152C834E70}.Debug|Any CPU.Build.0 = Debug|Any CPU
		{9A8A69FE-870A-472B-99A3-CE152C834E70}.Release|Any CPU.ActiveCfg = Release|Any CPU
		{9A8A69FE-870A-472B-99A3-CE152C834E70}.Release|Any CPU.Build.0 = Release|Any CPU
		{5A0D776C-BCE4-494F-8823-44F6594B10FF}.Debug|Any CPU.ActiveCfg = Debug|Any CPU
		{5A0D776C-BCE4-494F-8823-44F6594B10FF}.Debug|Any CPU.Build.0 = Debug|Any CPU
		{5A0D776C-BCE4-494F-8823-44F6594B10FF}.Release|Any CPU.ActiveCfg = Release|Any CPU
		{5A0D776C-BCE4-494F-8823-44F6594B10FF}.Release|Any CPU.Build.0 = Release|Any CPU
		{F2578409-E491-4004-A0CF-F810320AE54B}.Debug|Any CPU.ActiveCfg = Debug|Any CPU
		{F2578409-E491-4004-A0CF-F810320AE54B}.Debug|Any CPU.Build.0 = Debug|Any CPU
		{F2578409-E491-4004-A0CF-F810320AE54B}.Release|Any CPU.ActiveCfg = Release|Any CPU
		{F2578409-E491-4004-A0CF-F810320AE54B}.Release|Any CPU.Build.0 = Release|Any CPU
		{A0D0C647-E045-4A63-B489-34007341A113}.Debug|Any CPU.ActiveCfg = Debug|Any CPU
		{A0D0C647-E045-4A63-B489-34007341A113}.Debug|Any CPU.Build.0 = Debug|Any CPU
		{A0D0C647-E045-4A63-B489-34007341A113}.Release|Any CPU.ActiveCfg = Release|Any CPU
		{A0D0C647-E045-4A63-B489-34007341A113}.Release|Any CPU.Build.0 = Release|Any CPU
	EndGlobalSection
	GlobalSection(SolutionProperties) = preSolution
		HideSolutionNode = FALSE
	EndGlobalSection
	GlobalSection(ExtensibilityGlobals) = postSolution
		SolutionGuid = {8260CC91-0ED1-4981-AA16-21868FC4436D}
	EndGlobalSection
EndGlobal
