
Microsoft Visual Studio Solution File, Format Version 12.00
# Visual Studio Version 16
VisualStudioVersion = 16.0.30011.22
MinimumVisualStudioVersion = 10.0.40219.1
Project("{9A19103F-16F7-4668-BE54-9A1E7A4F7556}") = "P01-Library", "P01-Library\P01-Library.csproj", "{0F5E36A6-07F8-4492-9AC4-E75831FB3D1C}"
EndProject
Project("{9A19103F-16F7-4668-BE54-9A1E7A4F7556}") = "P02-LibraryIterator", "P02-LibraryIterator\P02-LibraryIterator.csproj", "{01AC7570-D9EF-4AB3-BAA1-31CF902473B6}"
EndProject
Project("{FAE04EC0-301F-11D3-BF4B-00C04F79EFBC}") = "P03-ComparableBook", "P03-ComparableBook\P03-ComparableBook.csproj", "{D4288800-ACCF-4DCF-9FDD-0D92A330304C}"
EndProject
Project("{FAE04EC0-301F-11D3-BF4B-00C04F79EFBC}") = "P04-BookComparer", "P04-BookComparer\P04-BookComparer.csproj", "{3057544C-17E8-4F17-8725-DCB6673C6E55}"
EndProject
Global
	GlobalSection(SolutionConfigurationPlatforms) = preSolution
		Debug|Any CPU = Debug|Any CPU
		Release|Any CPU = Release|Any CPU
	EndGlobalSection
	GlobalSection(ProjectConfigurationPlatforms) = postSolution
		{0F5E36A6-07F8-4492-9AC4-E75831FB3D1C}.Debug|Any CPU.ActiveCfg = Debug|Any CPU
		{0F5E36A6-07F8-4492-9AC4-E75831FB3D1C}.Debug|Any CPU.Build.0 = Debug|Any CPU
		{0F5E36A6-07F8-4492-9AC4-E75831FB3D1C}.Release|Any CPU.ActiveCfg = Release|Any CPU
		{0F5E36A6-07F8-4492-9AC4-E75831FB3D1C}.Release|Any CPU.Build.0 = Release|Any CPU
		{01AC7570-D9EF-4AB3-BAA1-31CF902473B6}.Debug|Any CPU.ActiveCfg = Debug|Any CPU
		{01AC7570-D9EF-4AB3-BAA1-31CF902473B6}.Debug|Any CPU.Build.0 = Debug|Any CPU
		{01AC7570-D9EF-4AB3-BAA1-31CF902473B6}.Release|Any CPU.ActiveCfg = Release|Any CPU
		{01AC7570-D9EF-4AB3-BAA1-31CF902473B6}.Release|Any CPU.Build.0 = Release|Any CPU
		{D4288800-ACCF-4DCF-9FDD-0D92A330304C}.Debug|Any CPU.ActiveCfg = Debug|Any CPU
		{D4288800-ACCF-4DCF-9FDD-0D92A330304C}.Debug|Any CPU.Build.0 = Debug|Any CPU
		{D4288800-ACCF-4DCF-9FDD-0D92A330304C}.Release|Any CPU.ActiveCfg = Release|Any CPU
		{D4288800-ACCF-4DCF-9FDD-0D92A330304C}.Release|Any CPU.Build.0 = Release|Any CPU
		{3057544C-17E8-4F17-8725-DCB6673C6E55}.Debug|Any CPU.ActiveCfg = Debug|Any CPU
		{3057544C-17E8-4F17-8725-DCB6673C6E55}.Debug|Any CPU.Build.0 = Debug|Any CPU
		{3057544C-17E8-4F17-8725-DCB6673C6E55}.Release|Any CPU.ActiveCfg = Release|Any CPU
		{3057544C-17E8-4F17-8725-DCB6673C6E55}.Release|Any CPU.Build.0 = Release|Any CPU
	EndGlobalSection
	GlobalSection(SolutionProperties) = preSolution
		HideSolutionNode = FALSE
	EndGlobalSection
	GlobalSection(ExtensibilityGlobals) = postSolution
		SolutionGuid = {027B77AE-F3D9-4CA8-BA84-62EEA2D7E316}
	EndGlobalSection
EndGlobal
