
Microsoft Visual Studio Solution File, Format Version 12.00
# Visual Studio 15
VisualStudioVersion = 15.0.28307.645
MinimumVisualStudioVersion = 10.0.40219.1
Project("{FAE04EC0-301F-11D3-BF4B-00C04F79EFBC}") = "P02-MakeASalad", "P02-MakeASalad\P02-MakeASalad.csproj", "{FF6D92D7-B14C-46FF-B5F6-94ADA1A58077}"
EndProject
Global
	GlobalSection(SolutionConfigurationPlatforms) = preSolution
		Debug|Any CPU = Debug|Any CPU
		Release|Any CPU = Release|Any CPU
	EndGlobalSection
	GlobalSection(ProjectConfigurationPlatforms) = postSolution
		{FF6D92D7-B14C-46FF-B5F6-94ADA1A58077}.Debug|Any CPU.ActiveCfg = Debug|Any CPU
		{FF6D92D7-B14C-46FF-B5F6-94ADA1A58077}.Debug|Any CPU.Build.0 = Debug|Any CPU
		{FF6D92D7-B14C-46FF-B5F6-94ADA1A58077}.Release|Any CPU.ActiveCfg = Release|Any CPU
		{FF6D92D7-B14C-46FF-B5F6-94ADA1A58077}.Release|Any CPU.Build.0 = Release|Any CPU
	EndGlobalSection
	GlobalSection(SolutionProperties) = preSolution
		HideSolutionNode = FALSE
	EndGlobalSection
	GlobalSection(ExtensibilityGlobals) = postSolution
		SolutionGuid = {91330908-CD08-4804-AB1D-685FFD840638}
	EndGlobalSection
EndGlobal
