
Microsoft Visual Studio Solution File, Format Version 12.00
# Visual Studio 15
VisualStudioVersion = 15.0.28307.645
MinimumVisualStudioVersion = 10.0.40219.1
Project("{9A19103F-16F7-4668-BE54-9A1E7A4F7556}") = "P01-BoxOfT", "P01-BoxOfT\P01-BoxOfT.csproj", "{D49E20C1-7AE3-4636-846D-659034EF6A7A}"
EndProject
Project("{FAE04EC0-301F-11D3-BF4B-00C04F79EFBC}") = "P02-GenericArrayCreator", "P02-GenericArrayCreator\P02-GenericArrayCreator.csproj", "{9EBE32F1-1D90-4C83-8D98-AA62AAD7E6C3}"
EndProject
Project("{FAE04EC0-301F-11D3-BF4B-00C04F79EFBC}") = "P03-GenericScale", "P03-GenericScale\P03-GenericScale.csproj", "{FF98ED59-6031-4A36-BC97-BE3322F2C7B8}"
EndProject
Global
	GlobalSection(SolutionConfigurationPlatforms) = preSolution
		Debug|Any CPU = Debug|Any CPU
		Release|Any CPU = Release|Any CPU
	EndGlobalSection
	GlobalSection(ProjectConfigurationPlatforms) = postSolution
		{D49E20C1-7AE3-4636-846D-659034EF6A7A}.Debug|Any CPU.ActiveCfg = Debug|Any CPU
		{D49E20C1-7AE3-4636-846D-659034EF6A7A}.Debug|Any CPU.Build.0 = Debug|Any CPU
		{D49E20C1-7AE3-4636-846D-659034EF6A7A}.Release|Any CPU.ActiveCfg = Release|Any CPU
		{D49E20C1-7AE3-4636-846D-659034EF6A7A}.Release|Any CPU.Build.0 = Release|Any CPU
		{9EBE32F1-1D90-4C83-8D98-AA62AAD7E6C3}.Debug|Any CPU.ActiveCfg = Debug|Any CPU
		{9EBE32F1-1D90-4C83-8D98-AA62AAD7E6C3}.Debug|Any CPU.Build.0 = Debug|Any CPU
		{9EBE32F1-1D90-4C83-8D98-AA62AAD7E6C3}.Release|Any CPU.ActiveCfg = Release|Any CPU
		{9EBE32F1-1D90-4C83-8D98-AA62AAD7E6C3}.Release|Any CPU.Build.0 = Release|Any CPU
		{FF98ED59-6031-4A36-BC97-BE3322F2C7B8}.Debug|Any CPU.ActiveCfg = Debug|Any CPU
		{FF98ED59-6031-4A36-BC97-BE3322F2C7B8}.Debug|Any CPU.Build.0 = Debug|Any CPU
		{FF98ED59-6031-4A36-BC97-BE3322F2C7B8}.Release|Any CPU.ActiveCfg = Release|Any CPU
		{FF98ED59-6031-4A36-BC97-BE3322F2C7B8}.Release|Any CPU.Build.0 = Release|Any CPU
	EndGlobalSection
	GlobalSection(SolutionProperties) = preSolution
		HideSolutionNode = FALSE
	EndGlobalSection
	GlobalSection(ExtensibilityGlobals) = postSolution
		SolutionGuid = {AEB0D102-E383-49B6-A33C-8AC8117A0F37}
	EndGlobalSection
EndGlobal
