
Microsoft Visual Studio Solution File, Format Version 12.00
# Visual Studio 15
VisualStudioVersion = 15.0.28307.645
MinimumVisualStudioVersion = 10.0.40219.1
Project("{9A19103F-16F7-4668-BE54-9A1E7A4F7556}") = "P01-DiagonalDifference", "P01-DiagonalDifference\P01-DiagonalDifference.csproj", "{50956984-25A9-4365-89B1-C884952B1ABD}"
EndProject
Project("{9A19103F-16F7-4668-BE54-9A1E7A4F7556}") = "P05-SnakeMoves", "P05-SnakeMoves\P05-SnakeMoves.csproj", "{104F4042-82C4-4E80-AE1C-B57F681FB659}"
EndProject
Project("{9A19103F-16F7-4668-BE54-9A1E7A4F7556}") = "P07-KnightGame", "P07-KnightGame\P07-KnightGame.csproj", "{8854EA7F-24A0-49F5-BA39-65A326953935}"
EndProject
Project("{FAE04EC0-301F-11D3-BF4B-00C04F79EFBC}") = "P03-MaximalSum", "P03-MaximalSum\P03-MaximalSum.csproj", "{47DF8E3E-72CE-4950-981F-5E5EAEADEBAF}"
EndProject
Project("{FAE04EC0-301F-11D3-BF4B-00C04F79EFBC}") = "P06-BombTheBasement", "P06-BombTheBasement\P06-BombTheBasement.csproj", "{6CBC3659-DD54-4ABA-A9B3-A2FAC808EDFB}"
EndProject
Project("{FAE04EC0-301F-11D3-BF4B-00C04F79EFBC}") = "P04-MatrixShuffling", "P04-MatrixShuffling\P04-MatrixShuffling.csproj", "{1C82D67E-9E6C-4299-8C42-9BE343E3F926}"
EndProject
Project("{FAE04EC0-301F-11D3-BF4B-00C04F79EFBC}") = "P02-SquaresInMatrix", "P02-SquaresInMatrix\P02-SquaresInMatrix.csproj", "{57D2CD36-832C-46CF-B8C1-C1B7A2406571}"
EndProject
Global
	GlobalSection(SolutionConfigurationPlatforms) = preSolution
		Debug|Any CPU = Debug|Any CPU
		Release|Any CPU = Release|Any CPU
	EndGlobalSection
	GlobalSection(ProjectConfigurationPlatforms) = postSolution
		{50956984-25A9-4365-89B1-C884952B1ABD}.Debug|Any CPU.ActiveCfg = Debug|Any CPU
		{50956984-25A9-4365-89B1-C884952B1ABD}.Debug|Any CPU.Build.0 = Debug|Any CPU
		{50956984-25A9-4365-89B1-C884952B1ABD}.Release|Any CPU.ActiveCfg = Release|Any CPU
		{50956984-25A9-4365-89B1-C884952B1ABD}.Release|Any CPU.Build.0 = Release|Any CPU
		{104F4042-82C4-4E80-AE1C-B57F681FB659}.Debug|Any CPU.ActiveCfg = Debug|Any CPU
		{104F4042-82C4-4E80-AE1C-B57F681FB659}.Debug|Any CPU.Build.0 = Debug|Any CPU
		{104F4042-82C4-4E80-AE1C-B57F681FB659}.Release|Any CPU.ActiveCfg = Release|Any CPU
		{104F4042-82C4-4E80-AE1C-B57F681FB659}.Release|Any CPU.Build.0 = Release|Any CPU
		{8854EA7F-24A0-49F5-BA39-65A326953935}.Debug|Any CPU.ActiveCfg = Debug|Any CPU
		{8854EA7F-24A0-49F5-BA39-65A326953935}.Debug|Any CPU.Build.0 = Debug|Any CPU
		{8854EA7F-24A0-49F5-BA39-65A326953935}.Release|Any CPU.ActiveCfg = Release|Any CPU
		{8854EA7F-24A0-49F5-BA39-65A326953935}.Release|Any CPU.Build.0 = Release|Any CPU
		{47DF8E3E-72CE-4950-981F-5E5EAEADEBAF}.Debug|Any CPU.ActiveCfg = Debug|Any CPU
		{47DF8E3E-72CE-4950-981F-5E5EAEADEBAF}.Debug|Any CPU.Build.0 = Debug|Any CPU
		{47DF8E3E-72CE-4950-981F-5E5EAEADEBAF}.Release|Any CPU.ActiveCfg = Release|Any CPU
		{47DF8E3E-72CE-4950-981F-5E5EAEADEBAF}.Release|Any CPU.Build.0 = Release|Any CPU
		{6CBC3659-DD54-4ABA-A9B3-A2FAC808EDFB}.Debug|Any CPU.ActiveCfg = Debug|Any CPU
		{6CBC3659-DD54-4ABA-A9B3-A2FAC808EDFB}.Debug|Any CPU.Build.0 = Debug|Any CPU
		{6CBC3659-DD54-4ABA-A9B3-A2FAC808EDFB}.Release|Any CPU.ActiveCfg = Release|Any CPU
		{6CBC3659-DD54-4ABA-A9B3-A2FAC808EDFB}.Release|Any CPU.Build.0 = Release|Any CPU
		{1C82D67E-9E6C-4299-8C42-9BE343E3F926}.Debug|Any CPU.ActiveCfg = Debug|Any CPU
		{1C82D67E-9E6C-4299-8C42-9BE343E3F926}.Debug|Any CPU.Build.0 = Debug|Any CPU
		{1C82D67E-9E6C-4299-8C42-9BE343E3F926}.Release|Any CPU.ActiveCfg = Release|Any CPU
		{1C82D67E-9E6C-4299-8C42-9BE343E3F926}.Release|Any CPU.Build.0 = Release|Any CPU
		{57D2CD36-832C-46CF-B8C1-C1B7A2406571}.Debug|Any CPU.ActiveCfg = Debug|Any CPU
		{57D2CD36-832C-46CF-B8C1-C1B7A2406571}.Debug|Any CPU.Build.0 = Debug|Any CPU
		{57D2CD36-832C-46CF-B8C1-C1B7A2406571}.Release|Any CPU.ActiveCfg = Release|Any CPU
		{57D2CD36-832C-46CF-B8C1-C1B7A2406571}.Release|Any CPU.Build.0 = Release|Any CPU
	EndGlobalSection
	GlobalSection(SolutionProperties) = preSolution
		HideSolutionNode = FALSE
	EndGlobalSection
	GlobalSection(ExtensibilityGlobals) = postSolution
		SolutionGuid = {058FF6F7-2CB1-4123-9F9F-E72E9AF97A67}
	EndGlobalSection
EndGlobal
