
Microsoft Visual Studio Solution File, Format Version 12.00
# Visual Studio 15
VisualStudioVersion = 15.0.28307.705
MinimumVisualStudioVersion = 10.0.40219.1
Project("{FAE04EC0-301F-11D3-BF4B-00C04F79EFBC}") = "P01-ClubParty", "P01-ClubParty\P01-ClubParty.csproj", "{A3350C33-6BDB-4803-8876-1DE3B8FB8BDB}"
EndProject
Project("{FAE04EC0-301F-11D3-BF4B-00C04F79EFBC}") = "P02-TronRacers", "P02-TronRacers\P02-TronRacers.csproj", "{14C1DECE-0AF7-4C89-8D4D-42D48A9958EF}"
EndProject
Project("{9A19103F-16F7-4668-BE54-9A1E7A4F7556}") = "Heroes", "03. Heroes_Скелет\Heroes.csproj", "{D73A0B49-2592-46AD-90C2-8E3CFFFB1387}"
EndProject
Global
	GlobalSection(SolutionConfigurationPlatforms) = preSolution
		Debug|Any CPU = Debug|Any CPU
		Release|Any CPU = Release|Any CPU
	EndGlobalSection
	GlobalSection(ProjectConfigurationPlatforms) = postSolution
		{A3350C33-6BDB-4803-8876-1DE3B8FB8BDB}.Debug|Any CPU.ActiveCfg = Debug|Any CPU
		{A3350C33-6BDB-4803-8876-1DE3B8FB8BDB}.Debug|Any CPU.Build.0 = Debug|Any CPU
		{A3350C33-6BDB-4803-8876-1DE3B8FB8BDB}.Release|Any CPU.ActiveCfg = Release|Any CPU
		{A3350C33-6BDB-4803-8876-1DE3B8FB8BDB}.Release|Any CPU.Build.0 = Release|Any CPU
		{14C1DECE-0AF7-4C89-8D4D-42D48A9958EF}.Debug|Any CPU.ActiveCfg = Debug|Any CPU
		{14C1DECE-0AF7-4C89-8D4D-42D48A9958EF}.Debug|Any CPU.Build.0 = Debug|Any CPU
		{14C1DECE-0AF7-4C89-8D4D-42D48A9958EF}.Release|Any CPU.ActiveCfg = Release|Any CPU
		{14C1DECE-0AF7-4C89-8D4D-42D48A9958EF}.Release|Any CPU.Build.0 = Release|Any CPU
		{D73A0B49-2592-46AD-90C2-8E3CFFFB1387}.Debug|Any CPU.ActiveCfg = Debug|Any CPU
		{D73A0B49-2592-46AD-90C2-8E3CFFFB1387}.Debug|Any CPU.Build.0 = Debug|Any CPU
		{D73A0B49-2592-46AD-90C2-8E3CFFFB1387}.Release|Any CPU.ActiveCfg = Release|Any CPU
		{D73A0B49-2592-46AD-90C2-8E3CFFFB1387}.Release|Any CPU.Build.0 = Release|Any CPU
	EndGlobalSection
	GlobalSection(SolutionProperties) = preSolution
		HideSolutionNode = FALSE
	EndGlobalSection
	GlobalSection(ExtensibilityGlobals) = postSolution
		SolutionGuid = {66EA13A8-947C-4E4D-8EC6-398AC3EF15CC}
	EndGlobalSection
EndGlobal
